
Microsoft Visual Studio Solution File, Format Version 12.00
# Visual Studio 2012
Project("{F2A71F9B-5D33-465A-A702-920D77279786}") = "MetricUtil", "MetricUtil\MetricUtil.fsproj", "{A329E02A-C967-4F11-99BF-CF6C16A009AF}"
EndProject
Project("{F2A71F9B-5D33-465A-A702-920D77279786}") = "ComputationDensityMetric", "ComputationDensityMetric\ComputationDensityMetric.fsproj", "{5BA7E39A-A915-4397-A611-0C0C00A860DD}"
EndProject
Project("{F2A71F9B-5D33-465A-A702-920D77279786}") = "FSCL", "FSCL\FSCL.fsproj", "{57A5E768-A0AA-4B4F-B538-2BEA1B4E5895}"
EndProject
Project("{F2A71F9B-5D33-465A-A702-920D77279786}") = "VectorAdditionSample", "VectorAdditionSample\VectorAdditionSample.fsproj", "{5DFCEE53-578F-4F0C-8073-1C7C4B88A440}"
EndProject
Project("{F2A71F9B-5D33-465A-A702-920D77279786}") = "InstructionEnergyMetric", "InstructionEnergyMetric\InstructionEnergyMetric.fsproj", "{74339ED3-11F9-477A-A8CB-30B881BF81EA}"
EndProject
Project("{FAE04EC0-301F-11D3-BF4B-00C04F79EFBC}") = "Cloo.VS2010", "Cloo\Cloo\Cloo.VS2010.csproj", "{656E96CE-2587-4CCC-A4DB-06D36267133A}"
EndProject
Project("{F2A71F9B-5D33-465A-A702-920D77279786}") = "QuotationEvaluator", "QuotationEvaluator\QuotationEvaluator.fsproj", "{73A2C781-678F-4A48-92DE-1E4E04A7B6BA}"
EndProject
Global
	GlobalSection(SolutionConfigurationPlatforms) = preSolution
		Debug|Any CPU = Debug|Any CPU
		Debug|Mixed Platforms = Debug|Mixed Platforms
		Debug|x86 = Debug|x86
		Release|Any CPU = Release|Any CPU
		Release|Mixed Platforms = Release|Mixed Platforms
		Release|x86 = Release|x86
	EndGlobalSection
	GlobalSection(ProjectConfigurationPlatforms) = postSolution
		{A329E02A-C967-4F11-99BF-CF6C16A009AF}.Debug|Any CPU.ActiveCfg = Debug|Any CPU
		{A329E02A-C967-4F11-99BF-CF6C16A009AF}.Debug|Any CPU.Build.0 = Debug|Any CPU
		{A329E02A-C967-4F11-99BF-CF6C16A009AF}.Debug|Mixed Platforms.ActiveCfg = Debug|Any CPU
		{A329E02A-C967-4F11-99BF-CF6C16A009AF}.Debug|Mixed Platforms.Build.0 = Debug|Any CPU
		{A329E02A-C967-4F11-99BF-CF6C16A009AF}.Debug|x86.ActiveCfg = Debug|Any CPU
		{A329E02A-C967-4F11-99BF-CF6C16A009AF}.Release|Any CPU.ActiveCfg = Release|Any CPU
		{A329E02A-C967-4F11-99BF-CF6C16A009AF}.Release|Any CPU.Build.0 = Release|Any CPU
		{A329E02A-C967-4F11-99BF-CF6C16A009AF}.Release|Mixed Platforms.ActiveCfg = Release|Any CPU
		{A329E02A-C967-4F11-99BF-CF6C16A009AF}.Release|Mixed Platforms.Build.0 = Release|Any CPU
		{A329E02A-C967-4F11-99BF-CF6C16A009AF}.Release|x86.ActiveCfg = Release|Any CPU
		{5BA7E39A-A915-4397-A611-0C0C00A860DD}.Debug|Any CPU.ActiveCfg = Debug|Any CPU
		{5BA7E39A-A915-4397-A611-0C0C00A860DD}.Debug|Any CPU.Build.0 = Debug|Any CPU
		{5BA7E39A-A915-4397-A611-0C0C00A860DD}.Debug|Mixed Platforms.ActiveCfg = Debug|Any CPU
		{5BA7E39A-A915-4397-A611-0C0C00A860DD}.Debug|Mixed Platforms.Build.0 = Debug|Any CPU
		{5BA7E39A-A915-4397-A611-0C0C00A860DD}.Debug|x86.ActiveCfg = Debug|Any CPU
		{5BA7E39A-A915-4397-A611-0C0C00A860DD}.Release|Any CPU.ActiveCfg = Release|Any CPU
		{5BA7E39A-A915-4397-A611-0C0C00A860DD}.Release|Any CPU.Build.0 = Release|Any CPU
		{5BA7E39A-A915-4397-A611-0C0C00A860DD}.Release|Mixed Platforms.ActiveCfg = Release|Any CPU
		{5BA7E39A-A915-4397-A611-0C0C00A860DD}.Release|Mixed Platforms.Build.0 = Release|Any CPU
		{5BA7E39A-A915-4397-A611-0C0C00A860DD}.Release|x86.ActiveCfg = Release|Any CPU
		{57A5E768-A0AA-4B4F-B538-2BEA1B4E5895}.Debug|Any CPU.ActiveCfg = Debug|Any CPU
		{57A5E768-A0AA-4B4F-B538-2BEA1B4E5895}.Debug|Any CPU.Build.0 = Debug|Any CPU
		{57A5E768-A0AA-4B4F-B538-2BEA1B4E5895}.Debug|Mixed Platforms.ActiveCfg = Debug|Any CPU
		{57A5E768-A0AA-4B4F-B538-2BEA1B4E5895}.Debug|Mixed Platforms.Build.0 = Debug|Any CPU
		{57A5E768-A0AA-4B4F-B538-2BEA1B4E5895}.Debug|x86.ActiveCfg = Debug|Any CPU
		{57A5E768-A0AA-4B4F-B538-2BEA1B4E5895}.Release|Any CPU.ActiveCfg = Release|Any CPU
		{57A5E768-A0AA-4B4F-B538-2BEA1B4E5895}.Release|Any CPU.Build.0 = Release|Any CPU
		{57A5E768-A0AA-4B4F-B538-2BEA1B4E5895}.Release|Mixed Platforms.ActiveCfg = Release|Any CPU
		{57A5E768-A0AA-4B4F-B538-2BEA1B4E5895}.Release|Mixed Platforms.Build.0 = Release|Any CPU
		{57A5E768-A0AA-4B4F-B538-2BEA1B4E5895}.Release|x86.ActiveCfg = Release|Any CPU
		{5DFCEE53-578F-4F0C-8073-1C7C4B88A440}.Debug|Any CPU.ActiveCfg = Debug|Any CPU
		{5DFCEE53-578F-4F0C-8073-1C7C4B88A440}.Debug|Any CPU.Build.0 = Debug|Any CPU
		{5DFCEE53-578F-4F0C-8073-1C7C4B88A440}.Debug|Mixed Platforms.ActiveCfg = Debug|Any CPU
		{5DFCEE53-578F-4F0C-8073-1C7C4B88A440}.Debug|Mixed Platforms.Build.0 = Debug|Any CPU
		{5DFCEE53-578F-4F0C-8073-1C7C4B88A440}.Debug|x86.ActiveCfg = Debug|Any CPU
		{5DFCEE53-578F-4F0C-8073-1C7C4B88A440}.Release|Any CPU.ActiveCfg = Release|Any CPU
		{5DFCEE53-578F-4F0C-8073-1C7C4B88A440}.Release|Any CPU.Build.0 = Release|Any CPU
		{5DFCEE53-578F-4F0C-8073-1C7C4B88A440}.Release|Mixed Platforms.ActiveCfg = Release|Any CPU
		{5DFCEE53-578F-4F0C-8073-1C7C4B88A440}.Release|Mixed Platforms.Build.0 = Release|Any CPU
		{5DFCEE53-578F-4F0C-8073-1C7C4B88A440}.Release|x86.ActiveCfg = Release|Any CPU
		{74339ED3-11F9-477A-A8CB-30B881BF81EA}.Debug|Any CPU.ActiveCfg = Debug|Any CPU
		{74339ED3-11F9-477A-A8CB-30B881BF81EA}.Debug|Any CPU.Build.0 = Debug|Any CPU
		{74339ED3-11F9-477A-A8CB-30B881BF81EA}.Debug|Mixed Platforms.ActiveCfg = Debug|Any CPU
		{74339ED3-11F9-477A-A8CB-30B881BF81EA}.Debug|Mixed Platforms.Build.0 = Debug|Any CPU
		{74339ED3-11F9-477A-A8CB-30B881BF81EA}.Debug|x86.ActiveCfg = Debug|Any CPU
		{74339ED3-11F9-477A-A8CB-30B881BF81EA}.Release|Any CPU.ActiveCfg = Release|Any CPU
		{74339ED3-11F9-477A-A8CB-30B881BF81EA}.Release|Any CPU.Build.0 = Release|Any CPU
		{74339ED3-11F9-477A-A8CB-30B881BF81EA}.Release|Mixed Platforms.ActiveCfg = Release|Any CPU
		{74339ED3-11F9-477A-A8CB-30B881BF81EA}.Release|Mixed Platforms.Build.0 = Release|Any CPU
		{74339ED3-11F9-477A-A8CB-30B881BF81EA}.Release|x86.ActiveCfg = Release|Any CPU
		{656E96CE-2587-4CCC-A4DB-06D36267133A}.Debug|Any CPU.ActiveCfg = Debug|Any CPU
		{656E96CE-2587-4CCC-A4DB-06D36267133A}.Debug|Any CPU.Build.0 = Debug|Any CPU
		{656E96CE-2587-4CCC-A4DB-06D36267133A}.Debug|Mixed Platforms.ActiveCfg = Debug|Any CPU
		{656E96CE-2587-4CCC-A4DB-06D36267133A}.Debug|Mixed Platforms.Build.0 = Debug|Any CPU
		{656E96CE-2587-4CCC-A4DB-06D36267133A}.Debug|x86.ActiveCfg = Debug|Any CPU
		{656E96CE-2587-4CCC-A4DB-06D36267133A}.Release|Any CPU.ActiveCfg = Release|Any CPU
		{656E96CE-2587-4CCC-A4DB-06D36267133A}.Release|Any CPU.Build.0 = Release|Any CPU
		{656E96CE-2587-4CCC-A4DB-06D36267133A}.Release|Mixed Platforms.ActiveCfg = Release|Any CPU
		{656E96CE-2587-4CCC-A4DB-06D36267133A}.Release|Mixed Platforms.Build.0 = Release|Any CPU
		{656E96CE-2587-4CCC-A4DB-06D36267133A}.Release|x86.ActiveCfg = Release|Any CPU
		{73A2C781-678F-4A48-92DE-1E4E04A7B6BA}.Debug|Any CPU.ActiveCfg = Debug|Any CPU
		{73A2C781-678F-4A48-92DE-1E4E04A7B6BA}.Debug|Any CPU.Build.0 = Debug|Any CPU
		{73A2C781-678F-4A48-92DE-1E4E04A7B6BA}.Debug|Mixed Platforms.ActiveCfg = Debug|Any CPU
		{73A2C781-678F-4A48-92DE-1E4E04A7B6BA}.Debug|Mixed Platforms.Build.0 = Debug|Any CPU
		{73A2C781-678F-4A48-92DE-1E4E04A7B6BA}.Debug|x86.ActiveCfg = Debug|Any CPU
		{73A2C781-678F-4A48-92DE-1E4E04A7B6BA}.Release|Any CPU.ActiveCfg = Release|Any CPU
		{73A2C781-678F-4A48-92DE-1E4E04A7B6BA}.Release|Any CPU.Build.0 = Release|Any CPU
		{73A2C781-678F-4A48-92DE-1E4E04A7B6BA}.Release|Mixed Platforms.ActiveCfg = Release|Any CPU
		{73A2C781-678F-4A48-92DE-1E4E04A7B6BA}.Release|Mixed Platforms.Build.0 = Release|Any CPU
		{73A2C781-678F-4A48-92DE-1E4E04A7B6BA}.Release|x86.ActiveCfg = Release|Any CPU
	EndGlobalSection
	GlobalSection(SolutionProperties) = preSolution
		HideSolutionNode = FALSE
	EndGlobalSection
EndGlobal
