
Microsoft Visual Studio Solution File, Format Version 11.00
# Visual Studio 2010
Project("{F2A71F9B-5D33-465A-A702-920D77279786}") = "RemoteAmmeter", "RemoteAmmeter\RemoteAmmeter.fsproj", "{414D6476-8EBB-4B56-99F2-F1AB35E45484}"
EndProject
Project("{F2A71F9B-5D33-465A-A702-920D77279786}") = "Extech", "..\..\Energon\Extech\Extech.fsproj", "{CAE59E8E-D0A1-46A2-8E6D-F2CC880A97A1}"
EndProject
Project("{F2A71F9B-5D33-465A-A702-920D77279786}") = "Measuring", "..\..\Energon\Measuring\Measuring.fsproj", "{A4FD1437-9D0E-45AC-A073-D2A444D23A1A}"
EndProject
Project("{F2A71F9B-5D33-465A-A702-920D77279786}") = "Phidgets", "..\..\Energon\Phidgets\Phidgets.fsproj", "{04873604-574D-4BFB-B12A-E231D536B60E}"
EndProject
Global
	GlobalSection(SolutionConfigurationPlatforms) = preSolution
		Debug|Any CPU = Debug|Any CPU
		Debug|Mixed Platforms = Debug|Mixed Platforms
		Debug|x86 = Debug|x86
		Release|Any CPU = Release|Any CPU
		Release|Mixed Platforms = Release|Mixed Platforms
		Release|x86 = Release|x86
	EndGlobalSection
	GlobalSection(ProjectConfigurationPlatforms) = postSolution
		{414D6476-8EBB-4B56-99F2-F1AB35E45484}.Debug|Any CPU.ActiveCfg = Debug|x86
		{414D6476-8EBB-4B56-99F2-F1AB35E45484}.Debug|Mixed Platforms.ActiveCfg = Debug|x86
		{414D6476-8EBB-4B56-99F2-F1AB35E45484}.Debug|Mixed Platforms.Build.0 = Debug|x86
		{414D6476-8EBB-4B56-99F2-F1AB35E45484}.Debug|x86.ActiveCfg = Debug|x86
		{414D6476-8EBB-4B56-99F2-F1AB35E45484}.Debug|x86.Build.0 = Debug|x86
		{414D6476-8EBB-4B56-99F2-F1AB35E45484}.Release|Any CPU.ActiveCfg = Release|x86
		{414D6476-8EBB-4B56-99F2-F1AB35E45484}.Release|Mixed Platforms.ActiveCfg = Release|x86
		{414D6476-8EBB-4B56-99F2-F1AB35E45484}.Release|Mixed Platforms.Build.0 = Release|x86
		{414D6476-8EBB-4B56-99F2-F1AB35E45484}.Release|x86.ActiveCfg = Release|x86
		{414D6476-8EBB-4B56-99F2-F1AB35E45484}.Release|x86.Build.0 = Release|x86
		{CAE59E8E-D0A1-46A2-8E6D-F2CC880A97A1}.Debug|Any CPU.ActiveCfg = Debug|Any CPU
		{CAE59E8E-D0A1-46A2-8E6D-F2CC880A97A1}.Debug|Any CPU.Build.0 = Debug|Any CPU
		{CAE59E8E-D0A1-46A2-8E6D-F2CC880A97A1}.Debug|Mixed Platforms.ActiveCfg = Debug|Any CPU
		{CAE59E8E-D0A1-46A2-8E6D-F2CC880A97A1}.Debug|Mixed Platforms.Build.0 = Debug|Any CPU
		{CAE59E8E-D0A1-46A2-8E6D-F2CC880A97A1}.Debug|x86.ActiveCfg = Debug|Any CPU
		{CAE59E8E-D0A1-46A2-8E6D-F2CC880A97A1}.Release|Any CPU.ActiveCfg = Release|Any CPU
		{CAE59E8E-D0A1-46A2-8E6D-F2CC880A97A1}.Release|Any CPU.Build.0 = Release|Any CPU
		{CAE59E8E-D0A1-46A2-8E6D-F2CC880A97A1}.Release|Mixed Platforms.ActiveCfg = Release|Any CPU
		{CAE59E8E-D0A1-46A2-8E6D-F2CC880A97A1}.Release|Mixed Platforms.Build.0 = Release|Any CPU
		{CAE59E8E-D0A1-46A2-8E6D-F2CC880A97A1}.Release|x86.ActiveCfg = Release|Any CPU
		{A4FD1437-9D0E-45AC-A073-D2A444D23A1A}.Debug|Any CPU.ActiveCfg = Debug|Any CPU
		{A4FD1437-9D0E-45AC-A073-D2A444D23A1A}.Debug|Any CPU.Build.0 = Debug|Any CPU
		{A4FD1437-9D0E-45AC-A073-D2A444D23A1A}.Debug|Mixed Platforms.ActiveCfg = Debug|Any CPU
		{A4FD1437-9D0E-45AC-A073-D2A444D23A1A}.Debug|Mixed Platforms.Build.0 = Debug|Any CPU
		{A4FD1437-9D0E-45AC-A073-D2A444D23A1A}.Debug|x86.ActiveCfg = Debug|Any CPU
		{A4FD1437-9D0E-45AC-A073-D2A444D23A1A}.Release|Any CPU.ActiveCfg = Release|Any CPU
		{A4FD1437-9D0E-45AC-A073-D2A444D23A1A}.Release|Any CPU.Build.0 = Release|Any CPU
		{A4FD1437-9D0E-45AC-A073-D2A444D23A1A}.Release|Mixed Platforms.ActiveCfg = Release|Any CPU
		{A4FD1437-9D0E-45AC-A073-D2A444D23A1A}.Release|Mixed Platforms.Build.0 = Release|Any CPU
		{A4FD1437-9D0E-45AC-A073-D2A444D23A1A}.Release|x86.ActiveCfg = Release|Any CPU
		{04873604-574D-4BFB-B12A-E231D536B60E}.Debug|Any CPU.ActiveCfg = Debug|Any CPU
		{04873604-574D-4BFB-B12A-E231D536B60E}.Debug|Any CPU.Build.0 = Debug|Any CPU
		{04873604-574D-4BFB-B12A-E231D536B60E}.Debug|Mixed Platforms.ActiveCfg = Debug|Any CPU
		{04873604-574D-4BFB-B12A-E231D536B60E}.Debug|Mixed Platforms.Build.0 = Debug|Any CPU
		{04873604-574D-4BFB-B12A-E231D536B60E}.Debug|x86.ActiveCfg = Debug|Any CPU
		{04873604-574D-4BFB-B12A-E231D536B60E}.Release|Any CPU.ActiveCfg = Release|Any CPU
		{04873604-574D-4BFB-B12A-E231D536B60E}.Release|Any CPU.Build.0 = Release|Any CPU
		{04873604-574D-4BFB-B12A-E231D536B60E}.Release|Mixed Platforms.ActiveCfg = Release|Any CPU
		{04873604-574D-4BFB-B12A-E231D536B60E}.Release|Mixed Platforms.Build.0 = Release|Any CPU
		{04873604-574D-4BFB-B12A-E231D536B60E}.Release|x86.ActiveCfg = Release|Any CPU
	EndGlobalSection
	GlobalSection(SolutionProperties) = preSolution
		HideSolutionNode = FALSE
	EndGlobalSection
EndGlobal
